{
  "name": "OI-tools",
  "lockfileVersion": 3,
  "requires": true,
  "packages": {
    "": {
      "dependencies": {
        "prettier": "^3.3.2",
        "prettier-plugin-zh": "^0.5.2"
      }
    },
    "node_modules/prettier": {
      "version": "3.3.2",
      "resolved": "https://registry.npmjs.org/prettier/-/prettier-3.3.2.tgz",
      "integrity": "sha512-rAVeHYMcv8ATV5d508CFdn+8/pHPpXeIid1DdrPwXnaAdH7cqjVbpJaT5eq4yRAFU/lsbwYwSF/n5iNrdJHPQA==",
      "bin": {
        "prettier": "bin/prettier.cjs"
      },
      "engines": {
        "node": ">=14"
      },
      "funding": {
        "url": "https://github.com/prettier/prettier?sponsor=1"
      }
    },
    "node_modules/prettier-plugin-zh": {
      "version": "0.5.2",
      "resolved": "https://registry.npmjs.org/prettier-plugin-zh/-/prettier-plugin-zh-0.5.2.tgz",
      "integrity": "sha512-OLcoCU0C3iNFpUiciZkFN186/v+Xd0cBFDMwdO97HFFNaqXtTJ5rWrW3r8ZwB0IIyRm8NY7kOIAGAxW+DYQtVw==",
      "dependencies": {
        "prettier": "^3.2.4"
      },
      "peerDependencies": {
        "prettier": ">=3.0.0"
      }
    }
  }
}
